
Microsoft Visual Studio Solution File, Format Version 12.00
# Visual Studio Version 17
VisualStudioVersion = 17.7.34031.279
MinimumVisualStudioVersion = 10.0.40219.1
Project("{8BC9CEB8-8B4A-11D0-8D11-00A0C91BC942}") = "T297", "T297\T297.vcxproj", "{EB4EEB4D-BBC7-4547-9D3D-48C4F57A9151}"
EndProject
Project("{8BC9CEB8-8B4A-11D0-8D11-00A0C91BC942}") = "L3", "L3\L3.vcxproj", "{B7C756AE-6133-4321-BDD5-7DF873BC259B}"
EndProject
Project("{8BC9CEB8-8B4A-11D0-8D11-00A0C91BC942}") = "Test", "Test\Test.vcxproj", "{46B4D1F8-AB71-4219-B388-C06011178CA0}"
EndProject
Project("{8BC9CEB8-8B4A-11D0-8D11-00A0C91BC942}") = "Arrays", "Arrays\Arrays.vcxproj", "{3FF3078F-5EEB-4AFD-8842-7491717DC824}"
EndProject
Global
	GlobalSection(SolutionConfigurationPlatforms) = preSolution
		Debug|x64 = Debug|x64
		Debug|x86 = Debug|x86
		Release|x64 = Release|x64
		Release|x86 = Release|x86
	EndGlobalSection
	GlobalSection(ProjectConfigurationPlatforms) = postSolution
		{EB4EEB4D-BBC7-4547-9D3D-48C4F57A9151}.Debug|x64.ActiveCfg = Debug|x64
		{EB4EEB4D-BBC7-4547-9D3D-48C4F57A9151}.Debug|x64.Build.0 = Debug|x64
		{EB4EEB4D-BBC7-4547-9D3D-48C4F57A9151}.Debug|x86.ActiveCfg = Debug|Win32
		{EB4EEB4D-BBC7-4547-9D3D-48C4F57A9151}.Debug|x86.Build.0 = Debug|Win32
		{EB4EEB4D-BBC7-4547-9D3D-48C4F57A9151}.Release|x64.ActiveCfg = Release|x64
		{EB4EEB4D-BBC7-4547-9D3D-48C4F57A9151}.Release|x64.Build.0 = Release|x64
		{EB4EEB4D-BBC7-4547-9D3D-48C4F57A9151}.Release|x86.ActiveCfg = Release|Win32
		{EB4EEB4D-BBC7-4547-9D3D-48C4F57A9151}.Release|x86.Build.0 = Release|Win32
		{B7C756AE-6133-4321-BDD5-7DF873BC259B}.Debug|x64.ActiveCfg = Debug|x64
		{B7C756AE-6133-4321-BDD5-7DF873BC259B}.Debug|x64.Build.0 = Debug|x64
		{B7C756AE-6133-4321-BDD5-7DF873BC259B}.Debug|x86.ActiveCfg = Debug|Win32
		{B7C756AE-6133-4321-BDD5-7DF873BC259B}.Debug|x86.Build.0 = Debug|Win32
		{B7C756AE-6133-4321-BDD5-7DF873BC259B}.Release|x64.ActiveCfg = Release|x64
		{B7C756AE-6133-4321-BDD5-7DF873BC259B}.Release|x64.Build.0 = Release|x64
		{B7C756AE-6133-4321-BDD5-7DF873BC259B}.Release|x86.ActiveCfg = Release|Win32
		{B7C756AE-6133-4321-BDD5-7DF873BC259B}.Release|x86.Build.0 = Release|Win32
		{46B4D1F8-AB71-4219-B388-C06011178CA0}.Debug|x64.ActiveCfg = Debug|x64
		{46B4D1F8-AB71-4219-B388-C06011178CA0}.Debug|x64.Build.0 = Debug|x64
		{46B4D1F8-AB71-4219-B388-C06011178CA0}.Debug|x86.ActiveCfg = Debug|Win32
		{46B4D1F8-AB71-4219-B388-C06011178CA0}.Debug|x86.Build.0 = Debug|Win32
		{46B4D1F8-AB71-4219-B388-C06011178CA0}.Release|x64.ActiveCfg = Release|x64
		{46B4D1F8-AB71-4219-B388-C06011178CA0}.Release|x64.Build.0 = Release|x64
		{46B4D1F8-AB71-4219-B388-C06011178CA0}.Release|x86.ActiveCfg = Release|Win32
		{46B4D1F8-AB71-4219-B388-C06011178CA0}.Release|x86.Build.0 = Release|Win32
		{3FF3078F-5EEB-4AFD-8842-7491717DC824}.Debug|x64.ActiveCfg = Debug|x64
		{3FF3078F-5EEB-4AFD-8842-7491717DC824}.Debug|x64.Build.0 = Debug|x64
		{3FF3078F-5EEB-4AFD-8842-7491717DC824}.Debug|x86.ActiveCfg = Debug|Win32
		{3FF3078F-5EEB-4AFD-8842-7491717DC824}.Debug|x86.Build.0 = Debug|Win32
		{3FF3078F-5EEB-4AFD-8842-7491717DC824}.Release|x64.ActiveCfg = Release|x64
		{3FF3078F-5EEB-4AFD-8842-7491717DC824}.Release|x64.Build.0 = Release|x64
		{3FF3078F-5EEB-4AFD-8842-7491717DC824}.Release|x86.ActiveCfg = Release|Win32
		{3FF3078F-5EEB-4AFD-8842-7491717DC824}.Release|x86.Build.0 = Release|Win32
	EndGlobalSection
	GlobalSection(SolutionProperties) = preSolution
		HideSolutionNode = FALSE
	EndGlobalSection
	GlobalSection(ExtensibilityGlobals) = postSolution
		SolutionGuid = {861209A1-BABF-49ED-BBB8-F5E6594FEC6C}
	EndGlobalSection
EndGlobal
